
Microsoft Visual Studio Solution File, Format Version 12.00
# Visual Studio Version 16
VisualStudioVersion = 16.0.31402.337
MinimumVisualStudioVersion = 10.0.40219.1
Project("{888888A0-9F3D-457C-B088-3A5042F75D52}") = "pythonTetris", "pythonTetris\pythonTetris.pyproj", "{E8CA09A2-C1CA-4DCF-8EFB-13451AF0D6F2}"
EndProject
Global
	GlobalSection(SolutionConfigurationPlatforms) = preSolution
		Debug|Any CPU = Debug|Any CPU
		Release|Any CPU = Release|Any CPU
	EndGlobalSection
	GlobalSection(ProjectConfigurationPlatforms) = postSolution
		{E8CA09A2-C1CA-4DCF-8EFB-13451AF0D6F2}.Debug|Any CPU.ActiveCfg = Debug|Any CPU
		{E8CA09A2-C1CA-4DCF-8EFB-13451AF0D6F2}.Release|Any CPU.ActiveCfg = Release|Any CPU
	EndGlobalSection
	GlobalSection(SolutionProperties) = preSolution
		HideSolutionNode = FALSE
	EndGlobalSection
	GlobalSection(ExtensibilityGlobals) = postSolution
		SolutionGuid = {DDC09D01-F12D-4CEB-9B9D-ED625DDFBBBE}
	EndGlobalSection
EndGlobal
